
Microsoft Visual Studio Solution File, Format Version 12.00
# Visual Studio Version 17
VisualStudioVersion = 17.5.33627.172
MinimumVisualStudioVersion = 10.0.40219.1
Project("{FAE04EC0-301F-11D3-BF4B-00C04F79EFBC}") = "ESP2025.API", "ESP2025.WebAPI\ESP2025.API.csproj", "{FCEE4077-C9A9-3291-8229-A351EC65104D}"
EndProject
Project("{FAE04EC0-301F-11D3-BF4B-00C04F79EFBC}") = "ESP2025.Infrastructure", "ESP2025.Infrastructure\ESP2025.Infrastructure.csproj", "{0F523D21-72BE-B197-5D63-FA414585752E}"
EndProject
Project("{FAE04EC0-301F-11D3-BF4B-00C04F79EFBC}") = "ESP2025.Domain", "ESP2025.Domain\ESP2025.Domain.csproj", "{57F0E403-DF08-CE22-1F9B-105DD99B52BB}"
EndProject
Project("{FAE04EC0-301F-11D3-BF4B-00C04F79EFBC}") = "ESP2025.Application", "ESP2025.Application\ESP2025.Application.csproj", "{07E8ED92-B3EC-9556-79AD-10EE22991D36}"
EndProject
Project("{FAE04EC0-301F-11D3-BF4B-00C04F79EFBC}") = "ESP2025Test", "ESP2025Tests\ESP2025Test.csproj", "{2855EBB1-C3ED-67F9-9F8E-B7ACA54BBE7F}"
EndProject
Global
	GlobalSection(SolutionConfigurationPlatforms) = preSolution
		Debug|Any CPU = Debug|Any CPU
		Release|Any CPU = Release|Any CPU
	EndGlobalSection
	GlobalSection(ProjectConfigurationPlatforms) = postSolution
		{FCEE4077-C9A9-3291-8229-A351EC65104D}.Debug|Any CPU.ActiveCfg = Debug|Any CPU
		{FCEE4077-C9A9-3291-8229-A351EC65104D}.Debug|Any CPU.Build.0 = Debug|Any CPU
		{FCEE4077-C9A9-3291-8229-A351EC65104D}.Release|Any CPU.ActiveCfg = Release|Any CPU
		{FCEE4077-C9A9-3291-8229-A351EC65104D}.Release|Any CPU.Build.0 = Release|Any CPU
		{0F523D21-72BE-B197-5D63-FA414585752E}.Debug|Any CPU.ActiveCfg = Debug|Any CPU
		{0F523D21-72BE-B197-5D63-FA414585752E}.Debug|Any CPU.Build.0 = Debug|Any CPU
		{0F523D21-72BE-B197-5D63-FA414585752E}.Release|Any CPU.ActiveCfg = Release|Any CPU
		{0F523D21-72BE-B197-5D63-FA414585752E}.Release|Any CPU.Build.0 = Release|Any CPU
		{57F0E403-DF08-CE22-1F9B-105DD99B52BB}.Debug|Any CPU.ActiveCfg = Debug|Any CPU
		{57F0E403-DF08-CE22-1F9B-105DD99B52BB}.Debug|Any CPU.Build.0 = Debug|Any CPU
		{57F0E403-DF08-CE22-1F9B-105DD99B52BB}.Release|Any CPU.ActiveCfg = Release|Any CPU
		{57F0E403-DF08-CE22-1F9B-105DD99B52BB}.Release|Any CPU.Build.0 = Release|Any CPU
		{07E8ED92-B3EC-9556-79AD-10EE22991D36}.Debug|Any CPU.ActiveCfg = Debug|Any CPU
		{07E8ED92-B3EC-9556-79AD-10EE22991D36}.Debug|Any CPU.Build.0 = Debug|Any CPU
		{07E8ED92-B3EC-9556-79AD-10EE22991D36}.Release|Any CPU.ActiveCfg = Release|Any CPU
		{07E8ED92-B3EC-9556-79AD-10EE22991D36}.Release|Any CPU.Build.0 = Release|Any CPU
		{2855EBB1-C3ED-67F9-9F8E-B7ACA54BBE7F}.Debug|Any CPU.ActiveCfg = Debug|Any CPU
		{2855EBB1-C3ED-67F9-9F8E-B7ACA54BBE7F}.Debug|Any CPU.Build.0 = Debug|Any CPU
		{2855EBB1-C3ED-67F9-9F8E-B7ACA54BBE7F}.Release|Any CPU.ActiveCfg = Release|Any CPU
		{2855EBB1-C3ED-67F9-9F8E-B7ACA54BBE7F}.Release|Any CPU.Build.0 = Release|Any CPU
	EndGlobalSection
	GlobalSection(SolutionProperties) = preSolution
		HideSolutionNode = FALSE
	EndGlobalSection
	GlobalSection(ExtensibilityGlobals) = postSolution
		SolutionGuid = {E5BBFA97-17C1-456F-89A4-52995F5C9AB2}
	EndGlobalSection
EndGlobal
